// !$*UTF8*$!
{
	archiveVersion = 1;
	classes = {
	};
	objectVersion = 46;
	objects = {

/* Begin PBXBuildFile section */
		14FAA34A1DD3E8DF00B34BB1 /* main.m in Sources */ = {isa = PBXBuildFile; fileRef = 14FAA3491DD3E8DF00B34BB1 /* main.m */; };
		14FAA34D1DD3E8DF00B34BB1 /* AppDelegate.m in Sources */ = {isa = PBXBuildFile; fileRef = 14FAA34C1DD3E8DF00B34BB1 /* AppDelegate.m */; };
		14FAA3501DD3E8DF00B34BB1 /* ViewController.m in Sources */ = {isa = PBXBuildFile; fileRef = 14FAA34F1DD3E8DF00B34BB1 /* ViewController.m */; };
		14FAA3531DD3E8DF00B34BB1 /* Main.storyboard in Resources */ = {isa = PBXBuildFile; fileRef = 14FAA3511DD3E8DF00B34BB1 /* Main.storyboard */; };
		14FAA3551DD3E8DF00B34BB1 /* Assets.xcassets in Resources */ = {isa = PBXBuildFile; fileRef = 14FAA3541DD3E8DF00B34BB1 /* Assets.xcassets */; };
		14FAA3581DD3E8DF00B34BB1 /* LaunchScreen.storyboard in Resources */ = {isa = PBXBuildFile; fileRef = 14FAA3561DD3E8DF00B34BB1 /* LaunchScreen.storyboard */; };
		14FAA36F1DD3ED8D00B34BB1 /* back_porch.jpg in Resources */ = {isa = PBXBuildFile; fileRef = 14FAA3601DD3ED8D00B34BB1 /* back_porch.jpg */; };
		14FAA3701DD3ED8D00B34BB1 /* bathroom.jpg in Resources */ = {isa = PBXBuildFile; fileRef = 14FAA3611DD3ED8D00B34BB1 /* bathroom.jpg */; };
		14FAA3711DD3ED8D00B34BB1 /* bedroom.jpg in Resources */ = {isa = PBXBuildFile; fileRef = 14FAA3621DD3ED8D00B34BB1 /* bedroom.jpg */; };
		14FAA3721DD3ED8D00B34BB1 /* coat_room.jpg in Resources */ = {isa = PBXBuildFile; fileRef = 14FAA3631DD3ED8D00B34BB1 /* coat_room.jpg */; };
		14FAA3731DD3ED8D00B34BB1 /* cursed_chalice.jpg in Resources */ = {isa = PBXBuildFile; fileRef = 14FAA3641DD3ED8D00B34BB1 /* cursed_chalice.jpg */; };
		14FAA3741DD3ED8D00B34BB1 /* dining_room.jpg in Resources */ = {isa = PBXBuildFile; fileRef = 14FAA3651DD3ED8D00B34BB1 /* dining_room.jpg */; };
		14FAA3751DD3ED8D00B34BB1 /* dungeon.jpg in Resources */ = {isa = PBXBuildFile; fileRef = 14FAA3661DD3ED8D00B34BB1 /* dungeon.jpg */; };
		14FAA3761DD3ED8D00B34BB1 /* front_door.jpg in Resources */ = {isa = PBXBuildFile; fileRef = 14FAA3671DD3ED8D00B34BB1 /* front_door.jpg */; };
		14FAA3771DD3ED8D00B34BB1 /* generator.jpg in Resources */ = {isa = PBXBuildFile; fileRef = 14FAA3681DD3ED8D00B34BB1 /* generator.jpg */; };
		14FAA3781DD3ED8D00B34BB1 /* kitchen.jpg in Resources */ = {isa = PBXBuildFile; fileRef = 14FAA3691DD3ED8D00B34BB1 /* kitchen.jpg */; };
		14FAA3791DD3ED8D00B34BB1 /* labratory.jpg in Resources */ = {isa = PBXBuildFile; fileRef = 14FAA36A1DD3ED8D00B34BB1 /* labratory.jpg */; };
		14FAA37A1DD3ED8D00B34BB1 /* library.jpg in Resources */ = {isa = PBXBuildFile; fileRef = 14FAA36B1DD3ED8D00B34BB1 /* library.jpg */; };
		14FAA37B1DD3ED8D00B34BB1 /* mysterious_lake.jpg in Resources */ = {isa = PBXBuildFile; fileRef = 14FAA36C1DD3ED8D00B34BB1 /* mysterious_lake.jpg */; };
		14FAA37C1DD3ED8D00B34BB1 /* secret_passage.jpg in Resources */ = {isa = PBXBuildFile; fileRef = 14FAA36D1DD3ED8D00B34BB1 /* secret_passage.jpg */; };
		14FAA37D1DD3ED8D00B34BB1 /* stairs_up.jpg in Resources */ = {isa = PBXBuildFile; fileRef = 14FAA36E1DD3ED8D00B34BB1 /* stairs_up.jpg */; };
		14FAA3801DD3F8BC00B34BB1 /* CustomVC.m in Sources */ = {isa = PBXBuildFile; fileRef = 14FAA37F1DD3F8BC00B34BB1 /* CustomVC.m */; };
/* End PBXBuildFile section */

/* Begin PBXFileReference section */
		14FAA3451DD3E8DF00B34BB1 /* EnteringAHouse.app */ = {isa = PBXFileReference; explicitFileType = wrapper.application; includeInIndex = 0; path = EnteringAHouse.app; sourceTree = BUILT_PRODUCTS_DIR; };
		14FAA3491DD3E8DF00B34BB1 /* main.m */ = {isa = PBXFileReference; lastKnownFileType = sourcecode.c.objc; path = main.m; sourceTree = "<group>"; };
		14FAA34B1DD3E8DF00B34BB1 /* AppDelegate.h */ = {isa = PBXFileReference; lastKnownFileType = sourcecode.c.h; path = AppDelegate.h; sourceTree = "<group>"; };
		14FAA34C1DD3E8DF00B34BB1 /* AppDelegate.m */ = {isa = PBXFileReference; lastKnownFileType = sourcecode.c.objc; path = AppDelegate.m; sourceTree = "<group>"; };
		14FAA34E1DD3E8DF00B34BB1 /* ViewController.h */ = {isa = PBXFileReference; lastKnownFileType = sourcecode.c.h; path = ViewController.h; sourceTree = "<group>"; };
		14FAA34F1DD3E8DF00B34BB1 /* ViewController.m */ = {isa = PBXFileReference; lastKnownFileType = sourcecode.c.objc; path = ViewController.m; sourceTree = "<group>"; };
		14FAA3521DD3E8DF00B34BB1 /* Base */ = {isa = PBXFileReference; lastKnownFileType = file.storyboard; name = Base; path = Base.lproj/Main.storyboard; sourceTree = "<group>"; };
		14FAA3541DD3E8DF00B34BB1 /* Assets.xcassets */ = {isa = PBXFileReference; lastKnownFileType = folder.assetcatalog; path = Assets.xcassets; sourceTree = "<group>"; };
		14FAA3571DD3E8DF00B34BB1 /* Base */ = {isa = PBXFileReference; lastKnownFileType = file.storyboard; name = Base; path = Base.lproj/LaunchScreen.storyboard; sourceTree = "<group>"; };
		14FAA3591DD3E8DF00B34BB1 /* Info.plist */ = {isa = PBXFileReference; lastKnownFileType = text.plist.xml; path = Info.plist; sourceTree = "<group>"; };
		14FAA3601DD3ED8D00B34BB1 /* back_porch.jpg */ = {isa = PBXFileReference; lastKnownFileType = image.jpeg; name = back_porch.jpg; path = images/back_porch.jpg; sourceTree = SOURCE_ROOT; };
		14FAA3611DD3ED8D00B34BB1 /* bathroom.jpg */ = {isa = PBXFileReference; lastKnownFileType = image.jpeg; name = bathroom.jpg; path = images/bathroom.jpg; sourceTree = SOURCE_ROOT; };
		14FAA3621DD3ED8D00B34BB1 /* bedroom.jpg */ = {isa = PBXFileReference; lastKnownFileType = image.jpeg; name = bedroom.jpg; path = images/bedroom.jpg; sourceTree = SOURCE_ROOT; };
		14FAA3631DD3ED8D00B34BB1 /* coat_room.jpg */ = {isa = PBXFileReference; lastKnownFileType = image.jpeg; name = coat_room.jpg; path = images/coat_room.jpg; sourceTree = SOURCE_ROOT; };
		14FAA3641DD3ED8D00B34BB1 /* cursed_chalice.jpg */ = {isa = PBXFileReference; lastKnownFileType = image.jpeg; name = cursed_chalice.jpg; path = images/cursed_chalice.jpg; sourceTree = SOURCE_ROOT; };
		14FAA3651DD3ED8D00B34BB1 /* dining_room.jpg */ = {isa = PBXFileReference; lastKnownFileType = image.jpeg; name = dining_room.jpg; path = images/dining_room.jpg; sourceTree = SOURCE_ROOT; };
		14FAA3661DD3ED8D00B34BB1 /* dungeon.jpg */ = {isa = PBXFileReference; lastKnownFileType = image.jpeg; name = dungeon.jpg; path = images/dungeon.jpg; sourceTree = SOURCE_ROOT; };
		14FAA3671DD3ED8D00B34BB1 /* front_door.jpg */ = {isa = PBXFileReference; lastKnownFileType = image.jpeg; name = front_door.jpg; path = images/front_door.jpg; sourceTree = SOURCE_ROOT; };
		14FAA3681DD3ED8D00B34BB1 /* generator.jpg */ = {isa = PBXFileReference; lastKnownFileType = image.jpeg; name = generator.jpg; path = images/generator.jpg; sourceTree = SOURCE_ROOT; };
		14FAA3691DD3ED8D00B34BB1 /* kitchen.jpg */ = {isa = PBXFileReference; lastKnownFileType = image.jpeg; name = kitchen.jpg; path = images/kitchen.jpg; sourceTree = SOURCE_ROOT; };
		14FAA36A1DD3ED8D00B34BB1 /* labratory.jpg */ = {isa = PBXFileReference; lastKnownFileType = image.jpeg; name = labratory.jpg; path = images/labratory.jpg; sourceTree = SOURCE_ROOT; };
		14FAA36B1DD3ED8D00B34BB1 /* library.jpg */ = {isa = PBXFileReference; lastKnownFileType = image.jpeg; name = library.jpg; path = images/library.jpg; sourceTree = SOURCE_ROOT; };
		14FAA36C1DD3ED8D00B34BB1 /* mysterious_lake.jpg */ = {isa = PBXFileReference; lastKnownFileType = image.jpeg; name = mysterious_lake.jpg; path = images/mysterious_lake.jpg; sourceTree = SOURCE_ROOT; };
		14FAA36D1DD3ED8D00B34BB1 /* secret_passage.jpg */ = {isa = PBXFileReference; lastKnownFileType = image.jpeg; name = secret_passage.jpg; path = images/secret_passage.jpg; sourceTree = SOURCE_ROOT; };
		14FAA36E1DD3ED8D00B34BB1 /* stairs_up.jpg */ = {isa = PBXFileReference; lastKnownFileType = image.jpeg; name = stairs_up.jpg; path = images/stairs_up.jpg; sourceTree = SOURCE_ROOT; };
		14FAA37E1DD3F8BC00B34BB1 /* CustomVC.h */ = {isa = PBXFileReference; fileEncoding = 4; lastKnownFileType = sourcecode.c.h; path = CustomVC.h; sourceTree = "<group>"; };
		14FAA37F1DD3F8BC00B34BB1 /* CustomVC.m */ = {isa = PBXFileReference; fileEncoding = 4; lastKnownFileType = sourcecode.c.objc; path = CustomVC.m; sourceTree = "<group>"; };
/* End PBXFileReference section */

/* Begin PBXFrameworksBuildPhase section */
		14FAA3421DD3E8DF00B34BB1 /* Frameworks */ = {
			isa = PBXFrameworksBuildPhase;
			buildActionMask = 2147483647;
			files = (
			);
			runOnlyForDeploymentPostprocessing = 0;
		};
/* End PBXFrameworksBuildPhase section */

/* Begin PBXGroup section */
		14FAA33C1DD3E8DF00B34BB1 = {
			isa = PBXGroup;
			children = (
				14FAA3471DD3E8DF00B34BB1 /* EnteringAHouse */,
				14FAA3461DD3E8DF00B34BB1 /* Products */,
			);
			sourceTree = "<group>";
		};
		14FAA3461DD3E8DF00B34BB1 /* Products */ = {
			isa = PBXGroup;
			children = (
				14FAA3451DD3E8DF00B34BB1 /* EnteringAHouse.app */,
			);
			name = Products;
			sourceTree = "<group>";
		};
		14FAA3471DD3E8DF00B34BB1 /* EnteringAHouse */ = {
			isa = PBXGroup;
			children = (
				14FAA34B1DD3E8DF00B34BB1 /* AppDelegate.h */,
				14FAA34C1DD3E8DF00B34BB1 /* AppDelegate.m */,
				14FAA34E1DD3E8DF00B34BB1 /* ViewController.h */,
				14FAA34F1DD3E8DF00B34BB1 /* ViewController.m */,
				14FAA37E1DD3F8BC00B34BB1 /* CustomVC.h */,
				14FAA37F1DD3F8BC00B34BB1 /* CustomVC.m */,
				14FAA3511DD3E8DF00B34BB1 /* Main.storyboard */,
				14FAA35F1DD3ED7200B34BB1 /* Images */,
				14FAA3541DD3E8DF00B34BB1 /* Assets.xcassets */,
				14FAA3561DD3E8DF00B34BB1 /* LaunchScreen.storyboard */,
				14FAA3591DD3E8DF00B34BB1 /* Info.plist */,
				14FAA3481DD3E8DF00B34BB1 /* Supporting Files */,
			);
			path = EnteringAHouse;
			sourceTree = "<group>";
		};
		14FAA3481DD3E8DF00B34BB1 /* Supporting Files */ = {
			isa = PBXGroup;
			children = (
				14FAA3491DD3E8DF00B34BB1 /* main.m */,
			);
			name = "Supporting Files";
			sourceTree = "<group>";
		};
		14FAA35F1DD3ED7200B34BB1 /* Images */ = {
			isa = PBXGroup;
			children = (
				14FAA3601DD3ED8D00B34BB1 /* back_porch.jpg */,
				14FAA3611DD3ED8D00B34BB1 /* bathroom.jpg */,
				14FAA3621DD3ED8D00B34BB1 /* bedroom.jpg */,
				14FAA3631DD3ED8D00B34BB1 /* coat_room.jpg */,
				14FAA3641DD3ED8D00B34BB1 /* cursed_chalice.jpg */,
				14FAA3651DD3ED8D00B34BB1 /* dining_room.jpg */,
				14FAA3661DD3ED8D00B34BB1 /* dungeon.jpg */,
				14FAA3671DD3ED8D00B34BB1 /* front_door.jpg */,
				14FAA3681DD3ED8D00B34BB1 /* generator.jpg */,
				14FAA3691DD3ED8D00B34BB1 /* kitchen.jpg */,
				14FAA36A1DD3ED8D00B34BB1 /* labratory.jpg */,
				14FAA36B1DD3ED8D00B34BB1 /* library.jpg */,
				14FAA36C1DD3ED8D00B34BB1 /* mysterious_lake.jpg */,
				14FAA36D1DD3ED8D00B34BB1 /* secret_passage.jpg */,
				14FAA36E1DD3ED8D00B34BB1 /* stairs_up.jpg */,
			);
			name = Images;
			sourceTree = "<group>";
		};
/* End PBXGroup section */

/* Begin PBXNativeTarget section */
		14FAA3441DD3E8DF00B34BB1 /* EnteringAHouse */ = {
			isa = PBXNativeTarget;
			buildConfigurationList = 14FAA35C1DD3E8DF00B34BB1 /* Build configuration list for PBXNativeTarget "EnteringAHouse" */;
			buildPhases = (
				14FAA3411DD3E8DF00B34BB1 /* Sources */,
				14FAA3421DD3E8DF00B34BB1 /* Frameworks */,
				14FAA3431DD3E8DF00B34BB1 /* Resources */,
			);
			buildRules = (
			);
			dependencies = (
			);
			name = EnteringAHouse;
			productName = EnteringAHouse;
			productReference = 14FAA3451DD3E8DF00B34BB1 /* EnteringAHouse.app */;
			productType = "com.apple.product-type.application";
		};
/* End PBXNativeTarget section */

/* Begin PBXProject section */
		14FAA33D1DD3E8DF00B34BB1 /* Project object */ = {
			isa = PBXProject;
			attributes = {
				LastUpgradeCheck = 0730;
				ORGANIZATIONNAME = suvanr;
				TargetAttributes = {
					14FAA3441DD3E8DF00B34BB1 = {
						CreatedOnToolsVersion = 7.3;
						DevelopmentTeam = 2X396D2695;
					};
				};
			};
			buildConfigurationList = 14FAA3401DD3E8DF00B34BB1 /* Build configuration list for PBXProject "EnteringAHouse" */;
			compatibilityVersion = "Xcode 3.2";
			developmentRegion = English;
			hasScannedForEncodings = 0;
			knownRegions = (
				en,
				Base,
			);
			mainGroup = 14FAA33C1DD3E8DF00B34BB1;
			productRefGroup = 14FAA3461DD3E8DF00B34BB1 /* Products */;
			projectDirPath = "";
			projectRoot = "";
			targets = (
				14FAA3441DD3E8DF00B34BB1 /* EnteringAHouse */,
			);
		};
/* End PBXProject section */

/* Begin PBXResourcesBuildPhase section */
		14FAA3431DD3E8DF00B34BB1 /* Resources */ = {
			isa = PBXResourcesBuildPhase;
			buildActionMask = 2147483647;
			files = (
				14FAA37D1DD3ED8D00B34BB1 /* stairs_up.jpg in Resources */,
				14FAA3581DD3E8DF00B34BB1 /* LaunchScreen.storyboard in Resources */,
				14FAA36F1DD3ED8D00B34BB1 /* back_porch.jpg in Resources */,
				14FAA37B1DD3ED8D00B34BB1 /* mysterious_lake.jpg in Resources */,
				14FAA3551DD3E8DF00B34BB1 /* Assets.xcassets in Resources */,
				14FAA3531DD3E8DF00B34BB1 /* Main.storyboard in Resources */,
				14FAA3741DD3ED8D00B34BB1 /* dining_room.jpg in Resources */,
				14FAA3781DD3ED8D00B34BB1 /* kitchen.jpg in Resources */,
				14FAA3711DD3ED8D00B34BB1 /* bedroom.jpg in Resources */,
				14FAA3721DD3ED8D00B34BB1 /* coat_room.jpg in Resources */,
				14FAA3791DD3ED8D00B34BB1 /* labratory.jpg in Resources */,
				14FAA3701DD3ED8D00B34BB1 /* bathroom.jpg in Resources */,
				14FAA37A1DD3ED8D00B34BB1 /* library.jpg in Resources */,
				14FAA3751DD3ED8D00B34BB1 /* dungeon.jpg in Resources */,
				14FAA3731DD3ED8D00B34BB1 /* cursed_chalice.jpg in Resources */,
				14FAA3761DD3ED8D00B34BB1 /* front_door.jpg in Resources */,
				14FAA37C1DD3ED8D00B34BB1 /* secret_passage.jpg in Resources */,
				14FAA3771DD3ED8D00B34BB1 /* generator.jpg in Resources */,
			);
			runOnlyForDeploymentPostprocessing = 0;
		};
/* End PBXResourcesBuildPhase section */

/* Begin PBXSourcesBuildPhase section */
		14FAA3411DD3E8DF00B34BB1 /* Sources */ = {
			isa = PBXSourcesBuildPhase;
			buildActionMask = 2147483647;
			files = (
				14FAA3501DD3E8DF00B34BB1 /* ViewController.m in Sources */,
				14FAA3801DD3F8BC00B34BB1 /* CustomVC.m in Sources */,
				14FAA34D1DD3E8DF00B34BB1 /* AppDelegate.m in Sources */,
				14FAA34A1DD3E8DF00B34BB1 /* main.m in Sources */,
			);
			runOnlyForDeploymentPostprocessing = 0;
		};
/* End PBXSourcesBuildPhase section */

/* Begin PBXVariantGroup section */
		14FAA3511DD3E8DF00B34BB1 /* Main.storyboard */ = {
			isa = PBXVariantGroup;
			children = (
				14FAA3521DD3E8DF00B34BB1 /* Base */,
			);
			name = Main.storyboard;
			sourceTree = "<group>";
		};
		14FAA3561DD3E8DF00B34BB1 /* LaunchScreen.storyboard */ = {
			isa = PBXVariantGroup;
			children = (
				14FAA3571DD3E8DF00B34BB1 /* Base */,
			);
			name = LaunchScreen.storyboard;
			sourceTree = "<group>";
		};
/* End PBXVariantGroup section */

/* Begin XCBuildConfiguration section */
		14FAA35A1DD3E8DF00B34BB1 /* Debug */ = {
			isa = XCBuildConfiguration;
			buildSettings = {
				ALWAYS_SEARCH_USER_PATHS = NO;
				CLANG_ANALYZER_NONNULL = YES;
				CLANG_CXX_LANGUAGE_STANDARD = "gnu++0x";
				CLANG_CXX_LIBRARY = "libc++";
				CLANG_ENABLE_MODULES = YES;
				CLANG_ENABLE_OBJC_ARC = YES;
				CLANG_WARN_BOOL_CONVERSION = YES;
				CLANG_WARN_CONSTANT_CONVERSION = YES;
				CLANG_WARN_DIRECT_OBJC_ISA_USAGE = YES_ERROR;
				CLANG_WARN_EMPTY_BODY = YES;
				CLANG_WARN_ENUM_CONVERSION = YES;
				CLANG_WARN_INT_CONVERSION = YES;
				CLANG_WARN_OBJC_ROOT_CLASS = YES_ERROR;
				CLANG_WARN_UNREACHABLE_CODE = YES;
				CLANG_WARN__DUPLICATE_METHOD_MATCH = YES;
				"CODE_SIGN_IDENTITY[sdk=iphoneos*]" = "iPhone Developer";
				COPY_PHASE_STRIP = NO;
				DEBUG_INFORMATION_FORMAT = dwarf;
				ENABLE_STRICT_OBJC_MSGSEND = YES;
				ENABLE_TESTABILITY = YES;
				GCC_C_LANGUAGE_STANDARD = gnu99;
				GCC_DYNAMIC_NO_PIC = NO;
				GCC_NO_COMMON_BLOCKS = YES;
				GCC_OPTIMIZATION_LEVEL = 0;
				GCC_PREPROCESSOR_DEFINITIONS = (
					"DEBUG=1",
					"$(inherited)",
				);
				GCC_WARN_64_TO_32_BIT_CONVERSION = YES;
				GCC_WARN_ABOUT_RETURN_TYPE = YES_ERROR;
				GCC_WARN_UNDECLARED_SELECTOR = YES;
				GCC_WARN_UNINITIALIZED_AUTOS = YES_AGGRESSIVE;
				GCC_WARN_UNUSED_FUNCTION = YES;
				GCC_WARN_UNUSED_VARIABLE = YES;
				IPHONEOS_DEPLOYMENT_TARGET = 9.3;
				MTL_ENABLE_DEBUG_INFO = YES;
				ONLY_ACTIVE_ARCH = YES;
				SDKROOT = iphoneos;
			};
			name = Debug;
		};
		14FAA35B1DD3E8DF00B34BB1 /* Release */ = {
			isa = XCBuildConfiguration;
			buildSettings = {
				ALWAYS_SEARCH_USER_PATHS = NO;
				CLANG_ANALYZER_NONNULL = YES;
				CLANG_CXX_LANGUAGE_STANDARD = "gnu++0x";
				CLANG_CXX_LIBRARY = "libc++";
				CLANG_ENABLE_MODULES = YES;
				CLANG_ENABLE_OBJC_ARC = YES;
				CLANG_WARN_BOOL_CONVERSION = YES;
				CLANG_WARN_CONSTANT_CONVERSION = YES;
				CLANG_WARN_DIRECT_OBJC_ISA_USAGE = YES_ERROR;
				CLANG_WARN_EMPTY_BODY = YES;
				CLANG_WARN_ENUM_CONVERSION = YES;
				CLANG_WARN_INT_CONVERSION = YES;
				CLANG_WARN_OBJC_ROOT_CLASS = YES_ERROR;
				CLANG_WARN_UNREACHABLE_CODE = YES;
				CLANG_WARN__DUPLICATE_METHOD_MATCH = YES;
				"CODE_SIGN_IDENTITY[sdk=iphoneos*]" = "iPhone Developer";
				COPY_PHASE_STRIP = NO;
				DEBUG_INFORMATION_FORMAT = "dwarf-with-dsym";
				ENABLE_NS_ASSERTIONS = NO;
				ENABLE_STRICT_OBJC_MSGSEND = YES;
				GCC_C_LANGUAGE_STANDARD = gnu99;
				GCC_NO_COMMON_BLOCKS = YES;
				GCC_WARN_64_TO_32_BIT_CONVERSION = YES;
				GCC_WARN_ABOUT_RETURN_TYPE = YES_ERROR;
				GCC_WARN_UNDECLARED_SELECTOR = YES;
				GCC_WARN_UNINITIALIZED_AUTOS = YES_AGGRESSIVE;
				GCC_WARN_UNUSED_FUNCTION = YES;
				GCC_WARN_UNUSED_VARIABLE = YES;
				IPHONEOS_DEPLOYMENT_TARGET = 9.3;
				MTL_ENABLE_DEBUG_INFO = NO;
				SDKROOT = iphoneos;
				VALIDATE_PRODUCT = YES;
			};
			name = Release;
		};
		14FAA35D1DD3E8DF00B34BB1 /* Debug */ = {
			isa = XCBuildConfiguration;
			buildSettings = {
				ASSETCATALOG_COMPILER_APPICON_NAME = AppIcon;
				INFOPLIST_FILE = EnteringAHouse/Info.plist;
				LD_RUNPATH_SEARCH_PATHS = "$(inherited) @executable_path/Frameworks";
				PRODUCT_BUNDLE_IDENTIFIER = com.suvanr.EnteringAHouse;
				PRODUCT_NAME = "$(TARGET_NAME)";
			};
			name = Debug;
		};
		14FAA35E1DD3E8DF00B34BB1 /* Release */ = {
			isa = XCBuildConfiguration;
			buildSettings = {
				ASSETCATALOG_COMPILER_APPICON_NAME = AppIcon;
				INFOPLIST_FILE = EnteringAHouse/Info.plist;
				LD_RUNPATH_SEARCH_PATHS = "$(inherited) @executable_path/Frameworks";
				PRODUCT_BUNDLE_IDENTIFIER = com.suvanr.EnteringAHouse;
				PRODUCT_NAME = "$(TARGET_NAME)";
			};
			name = Release;
		};
/* End XCBuildConfiguration section */

/* Begin XCConfigurationList section */
		14FAA3401DD3E8DF00B34BB1 /* Build configuration list for PBXProject "EnteringAHouse" */ = {
			isa = XCConfigurationList;
			buildConfigurations = (
				14FAA35A1DD3E8DF00B34BB1 /* Debug */,
				14FAA35B1DD3E8DF00B34BB1 /* Release */,
			);
			defaultConfigurationIsVisible = 0;
			defaultConfigurationName = Release;
		};
		14FAA35C1DD3E8DF00B34BB1 /* Build configuration list for PBXNativeTarget "EnteringAHouse" */ = {
			isa = XCConfigurationList;
			buildConfigurations = (
				14FAA35D1DD3E8DF00B34BB1 /* Debug */,
				14FAA35E1DD3E8DF00B34BB1 /* Release */,
			);
			defaultConfigurationIsVisible = 0;
		};
/* End XCConfigurationList section */
	};
	rootObject = 14FAA33D1DD3E8DF00B34BB1 /* Project object */;
}
